
Microsoft Visual Studio Solution File, Format Version 12.00
# Visual Studio Version 17
VisualStudioVersion = 17.14.36221.1 d17.14
MinimumVisualStudioVersion = 10.0.40219.1
Project("{FAE04EC0-301F-11D3-BF4B-00C04F79EFBC}") = "Demo", "Demo\Demo.csproj", "{D9A5D132-90AC-40ED-9813-F2F3A50DAC60}"
EndProject
Global
	GlobalSection(SolutionConfigurationPlatforms) = preSolution
		Debug|Any CPU = Debug|Any CPU
		Release|Any CPU = Release|Any CPU
	EndGlobalSection
	GlobalSection(ProjectConfigurationPlatforms) = postSolution
		{D9A5D132-90AC-40ED-9813-F2F3A50DAC60}.Debug|Any CPU.ActiveCfg = Debug|Any CPU
		{D9A5D132-90AC-40ED-9813-F2F3A50DAC60}.Debug|Any CPU.Build.0 = Debug|Any CPU
		{D9A5D132-90AC-40ED-9813-F2F3A50DAC60}.Release|Any CPU.ActiveCfg = Release|Any CPU
		{D9A5D132-90AC-40ED-9813-F2F3A50DAC60}.Release|Any CPU.Build.0 = Release|Any CPU
	EndGlobalSection
	GlobalSection(SolutionProperties) = preSolution
		HideSolutionNode = FALSE
	EndGlobalSection
	GlobalSection(ExtensibilityGlobals) = postSolution
		SolutionGuid = {3D618CB0-9CEA-41B5-9DD9-575627A91B34}
	EndGlobalSection
EndGlobal
